// !$*UTF8*$!
{
	archiveVersion = 1;
	classes = {
	};
	objectVersion = 56;
	objects = {

/* Begin PBXBuildFile section */
		86C7D2EC2BAE706B00150DB2 /* AppDelegate.swift in Sources */ = {isa = PBXBuildFile; fileRef = 86C7D2EB2BAE706B00150DB2 /* AppDelegate.swift */; };
		86C7D2EE2BAE706B00150DB2 /* SceneDelegate.swift in Sources */ = {isa = PBXBuildFile; fileRef = 86C7D2ED2BAE706B00150DB2 /* SceneDelegate.swift */; };
		86C7D2F02BAE706B00150DB2 /* ViewController.swift in Sources */ = {isa = PBXBuildFile; fileRef = 86C7D2EF2BAE706B00150DB2 /* ViewController.swift */; };
		86C7D2F32BAE706B00150DB2 /* Main.storyboard in Resources */ = {isa = PBXBuildFile; fileRef = 86C7D2F12BAE706B00150DB2 /* Main.storyboard */; };
		86C7D2F52BAE706D00150DB2 /* Assets.xcassets in Resources */ = {isa = PBXBuildFile; fileRef = 86C7D2F42BAE706D00150DB2 /* Assets.xcassets */; };
		86C7D2F82BAE706D00150DB2 /* LaunchScreen.storyboard in Resources */ = {isa = PBXBuildFile; fileRef = 86C7D2F62BAE706D00150DB2 /* LaunchScreen.storyboard */; };
		86C7D3032BAE706D00150DB2 /* Individual02_Singamsetty_BhavithaTests.swift in Sources */ = {isa = PBXBuildFile; fileRef = 86C7D3022BAE706D00150DB2 /* Individual02_Singamsetty_BhavithaTests.swift */; };
		86C7D30D2BAE706D00150DB2 /* Individual02_Singamsetty_BhavithaUITests.swift in Sources */ = {isa = PBXBuildFile; fileRef = 86C7D30C2BAE706D00150DB2 /* Individual02_Singamsetty_BhavithaUITests.swift */; };
		86C7D30F2BAE706D00150DB2 /* Individual02_Singamsetty_BhavithaUITestsLaunchTests.swift in Sources */ = {isa = PBXBuildFile; fileRef = 86C7D30E2BAE706D00150DB2 /* Individual02_Singamsetty_BhavithaUITestsLaunchTests.swift */; };
/* End PBXBuildFile section */

/* Begin PBXContainerItemProxy section */
		86C7D2FF2BAE706D00150DB2 /* PBXContainerItemProxy */ = {
			isa = PBXContainerItemProxy;
			containerPortal = 86C7D2E02BAE706B00150DB2 /* Project object */;
			proxyType = 1;
			remoteGlobalIDString = 86C7D2E72BAE706B00150DB2;
			remoteInfo = Individual02_Singamsetty_Bhavitha;
		};
		86C7D3092BAE706D00150DB2 /* PBXContainerItemProxy */ = {
			isa = PBXContainerItemProxy;
			containerPortal = 86C7D2E02BAE706B00150DB2 /* Project object */;
			proxyType = 1;
			remoteGlobalIDString = 86C7D2E72BAE706B00150DB2;
			remoteInfo = Individual02_Singamsetty_Bhavitha;
		};
/* End PBXContainerItemProxy section */

/* Begin PBXFileReference section */
		86C7D2E82BAE706B00150DB2 /* Individual02_Singamsetty_Bhavitha.app */ = {isa = PBXFileReference; explicitFileType = wrapper.application; includeInIndex = 0; path = Individual02_Singamsetty_Bhavitha.app; sourceTree = BUILT_PRODUCTS_DIR; };
		86C7D2EB2BAE706B00150DB2 /* AppDelegate.swift */ = {isa = PBXFileReference; lastKnownFileType = sourcecode.swift; path = AppDelegate.swift; sourceTree = "<group>"; };
		86C7D2ED2BAE706B00150DB2 /* SceneDelegate.swift */ = {isa = PBXFileReference; lastKnownFileType = sourcecode.swift; path = SceneDelegate.swift; sourceTree = "<group>"; };
		86C7D2EF2BAE706B00150DB2 /* ViewController.swift */ = {isa = PBXFileReference; lastKnownFileType = sourcecode.swift; path = ViewController.swift; sourceTree = "<group>"; };
		86C7D2F22BAE706B00150DB2 /* Base */ = {isa = PBXFileReference; lastKnownFileType = file.storyboard; name = Base; path = Base.lproj/Main.storyboard; sourceTree = "<group>"; };
		86C7D2F42BAE706D00150DB2 /* Assets.xcassets */ = {isa = PBXFileReference; lastKnownFileType = folder.assetcatalog; path = Assets.xcassets; sourceTree = "<group>"; };
		86C7D2F72BAE706D00150DB2 /* Base */ = {isa = PBXFileReference; lastKnownFileType = file.storyboard; name = Base; path = Base.lproj/LaunchScreen.storyboard; sourceTree = "<group>"; };
		86C7D2F92BAE706D00150DB2 /* Info.plist */ = {isa = PBXFileReference; lastKnownFileType = text.plist.xml; path = Info.plist; sourceTree = "<group>"; };
		86C7D2FE2BAE706D00150DB2 /* Individual02_Singamsetty_BhavithaTests.xctest */ = {isa = PBXFileReference; explicitFileType = wrapper.cfbundle; includeInIndex = 0; path = Individual02_Singamsetty_BhavithaTests.xctest; sourceTree = BUILT_PRODUCTS_DIR; };
		86C7D3022BAE706D00150DB2 /* Individual02_Singamsetty_BhavithaTests.swift */ = {isa = PBXFileReference; lastKnownFileType = sourcecode.swift; path = Individual02_Singamsetty_BhavithaTests.swift; sourceTree = "<group>"; };
		86C7D3082BAE706D00150DB2 /* Individual02_Singamsetty_BhavithaUITests.xctest */ = {isa = PBXFileReference; explicitFileType = wrapper.cfbundle; includeInIndex = 0; path = Individual02_Singamsetty_BhavithaUITests.xctest; sourceTree = BUILT_PRODUCTS_DIR; };
		86C7D30C2BAE706D00150DB2 /* Individual02_Singamsetty_BhavithaUITests.swift */ = {isa = PBXFileReference; lastKnownFileType = sourcecode.swift; path = Individual02_Singamsetty_BhavithaUITests.swift; sourceTree = "<group>"; };
		86C7D30E2BAE706D00150DB2 /* Individual02_Singamsetty_BhavithaUITestsLaunchTests.swift */ = {isa = PBXFileReference; lastKnownFileType = sourcecode.swift; path = Individual02_Singamsetty_BhavithaUITestsLaunchTests.swift; sourceTree = "<group>"; };
/* End PBXFileReference section */

/* Begin PBXFrameworksBuildPhase section */
		86C7D2E52BAE706B00150DB2 /* Frameworks */ = {
			isa = PBXFrameworksBuildPhase;
			buildActionMask = 2147483647;
			files = (
			);
			runOnlyForDeploymentPostprocessing = 0;
		};
		86C7D2FB2BAE706D00150DB2 /* Frameworks */ = {
			isa = PBXFrameworksBuildPhase;
			buildActionMask = 2147483647;
			files = (
			);
			runOnlyForDeploymentPostprocessing = 0;
		};
		86C7D3052BAE706D00150DB2 /* Frameworks */ = {
			isa = PBXFrameworksBuildPhase;
			buildActionMask = 2147483647;
			files = (
			);
			runOnlyForDeploymentPostprocessing = 0;
		};
/* End PBXFrameworksBuildPhase section */

/* Begin PBXGroup section */
		86C7D2DF2BAE706B00150DB2 = {
			isa = PBXGroup;
			children = (
				86C7D2EA2BAE706B00150DB2 /* Individual02_Singamsetty_Bhavitha */,
				86C7D3012BAE706D00150DB2 /* Individual02_Singamsetty_BhavithaTests */,
				86C7D30B2BAE706D00150DB2 /* Individual02_Singamsetty_BhavithaUITests */,
				86C7D2E92BAE706B00150DB2 /* Products */,
			);
			sourceTree = "<group>";
		};
		86C7D2E92BAE706B00150DB2 /* Products */ = {
			isa = PBXGroup;
			children = (
				86C7D2E82BAE706B00150DB2 /* Individual02_Singamsetty_Bhavitha.app */,
				86C7D2FE2BAE706D00150DB2 /* Individual02_Singamsetty_BhavithaTests.xctest */,
				86C7D3082BAE706D00150DB2 /* Individual02_Singamsetty_BhavithaUITests.xctest */,
			);
			name = Products;
			sourceTree = "<group>";
		};
		86C7D2EA2BAE706B00150DB2 /* Individual02_Singamsetty_Bhavitha */ = {
			isa = PBXGroup;
			children = (
				86C7D2EB2BAE706B00150DB2 /* AppDelegate.swift */,
				86C7D2ED2BAE706B00150DB2 /* SceneDelegate.swift */,
				86C7D2EF2BAE706B00150DB2 /* ViewController.swift */,
				86C7D2F12BAE706B00150DB2 /* Main.storyboard */,
				86C7D2F42BAE706D00150DB2 /* Assets.xcassets */,
				86C7D2F62BAE706D00150DB2 /* LaunchScreen.storyboard */,
				86C7D2F92BAE706D00150DB2 /* Info.plist */,
			);
			path = Individual02_Singamsetty_Bhavitha;
			sourceTree = "<group>";
		};
		86C7D3012BAE706D00150DB2 /* Individual02_Singamsetty_BhavithaTests */ = {
			isa = PBXGroup;
			children = (
				86C7D3022BAE706D00150DB2 /* Individual02_Singamsetty_BhavithaTests.swift */,
			);
			path = Individual02_Singamsetty_BhavithaTests;
			sourceTree = "<group>";
		};
		86C7D30B2BAE706D00150DB2 /* Individual02_Singamsetty_BhavithaUITests */ = {
			isa = PBXGroup;
			children = (
				86C7D30C2BAE706D00150DB2 /* Individual02_Singamsetty_BhavithaUITests.swift */,
				86C7D30E2BAE706D00150DB2 /* Individual02_Singamsetty_BhavithaUITestsLaunchTests.swift */,
			);
			path = Individual02_Singamsetty_BhavithaUITests;
			sourceTree = "<group>";
		};
/* End PBXGroup section */

/* Begin PBXNativeTarget section */
		86C7D2E72BAE706B00150DB2 /* Individual02_Singamsetty_Bhavitha */ = {
			isa = PBXNativeTarget;
			buildConfigurationList = 86C7D3122BAE706D00150DB2 /* Build configuration list for PBXNativeTarget "Individual02_Singamsetty_Bhavitha" */;
			buildPhases = (
				86C7D2E42BAE706B00150DB2 /* Sources */,
				86C7D2E52BAE706B00150DB2 /* Frameworks */,
				86C7D2E62BAE706B00150DB2 /* Resources */,
			);
			buildRules = (
			);
			dependencies = (
			);
			name = Individual02_Singamsetty_Bhavitha;
			productName = Individual02_Singamsetty_Bhavitha;
			productReference = 86C7D2E82BAE706B00150DB2 /* Individual02_Singamsetty_Bhavitha.app */;
			productType = "com.apple.product-type.application";
		};
		86C7D2FD2BAE706D00150DB2 /* Individual02_Singamsetty_BhavithaTests */ = {
			isa = PBXNativeTarget;
			buildConfigurationList = 86C7D3152BAE706D00150DB2 /* Build configuration list for PBXNativeTarget "Individual02_Singamsetty_BhavithaTests" */;
			buildPhases = (
				86C7D2FA2BAE706D00150DB2 /* Sources */,
				86C7D2FB2BAE706D00150DB2 /* Frameworks */,
				86C7D2FC2BAE706D00150DB2 /* Resources */,
			);
			buildRules = (
			);
			dependencies = (
				86C7D3002BAE706D00150DB2 /* PBXTargetDependency */,
			);
			name = Individual02_Singamsetty_BhavithaTests;
			productName = Individual02_Singamsetty_BhavithaTests;
			productReference = 86C7D2FE2BAE706D00150DB2 /* Individual02_Singamsetty_BhavithaTests.xctest */;
			productType = "com.apple.product-type.bundle.unit-test";
		};
		86C7D3072BAE706D00150DB2 /* Individual02_Singamsetty_BhavithaUITests */ = {
			isa = PBXNativeTarget;
			buildConfigurationList = 86C7D3182BAE706D00150DB2 /* Build configuration list for PBXNativeTarget "Individual02_Singamsetty_BhavithaUITests" */;
			buildPhases = (
				86C7D3042BAE706D00150DB2 /* Sources */,
				86C7D3052BAE706D00150DB2 /* Frameworks */,
				86C7D3062BAE706D00150DB2 /* Resources */,
			);
			buildRules = (
			);
			dependencies = (
				86C7D30A2BAE706D00150DB2 /* PBXTargetDependency */,
			);
			name = Individual02_Singamsetty_BhavithaUITests;
			productName = Individual02_Singamsetty_BhavithaUITests;
			productReference = 86C7D3082BAE706D00150DB2 /* Individual02_Singamsetty_BhavithaUITests.xctest */;
			productType = "com.apple.product-type.bundle.ui-testing";
		};
/* End PBXNativeTarget section */

/* Begin PBXProject section */
		86C7D2E02BAE706B00150DB2 /* Project object */ = {
			isa = PBXProject;
			attributes = {
				BuildIndependentTargetsInParallel = 1;
				LastSwiftUpdateCheck = 1520;
				LastUpgradeCheck = 1520;
				TargetAttributes = {
					86C7D2E72BAE706B00150DB2 = {
						CreatedOnToolsVersion = 15.2;
					};
					86C7D2FD2BAE706D00150DB2 = {
						CreatedOnToolsVersion = 15.2;
						TestTargetID = 86C7D2E72BAE706B00150DB2;
					};
					86C7D3072BAE706D00150DB2 = {
						CreatedOnToolsVersion = 15.2;
						TestTargetID = 86C7D2E72BAE706B00150DB2;
					};
				};
			};
			buildConfigurationList = 86C7D2E32BAE706B00150DB2 /* Build configuration list for PBXProject "Individual02_Singamsetty_Bhavitha" */;
			compatibilityVersion = "Xcode 14.0";
			developmentRegion = en;
			hasScannedForEncodings = 0;
			knownRegions = (
				en,
				Base,
			);
			mainGroup = 86C7D2DF2BAE706B00150DB2;
			productRefGroup = 86C7D2E92BAE706B00150DB2 /* Products */;
			projectDirPath = "";
			projectRoot = "";
			targets = (
				86C7D2E72BAE706B00150DB2 /* Individual02_Singamsetty_Bhavitha */,
				86C7D2FD2BAE706D00150DB2 /* Individual02_Singamsetty_BhavithaTests */,
				86C7D3072BAE706D00150DB2 /* Individual02_Singamsetty_BhavithaUITests */,
			);
		};
/* End PBXProject section */

/* Begin PBXResourcesBuildPhase section */
		86C7D2E62BAE706B00150DB2 /* Resources */ = {
			isa = PBXResourcesBuildPhase;
			buildActionMask = 2147483647;
			files = (
				86C7D2F82BAE706D00150DB2 /* LaunchScreen.storyboard in Resources */,
				86C7D2F52BAE706D00150DB2 /* Assets.xcassets in Resources */,
				86C7D2F32BAE706B00150DB2 /* Main.storyboard in Resources */,
			);
			runOnlyForDeploymentPostprocessing = 0;
		};
		86C7D2FC2BAE706D00150DB2 /* Resources */ = {
			isa = PBXResourcesBuildPhase;
			buildActionMask = 2147483647;
			files = (
			);
			runOnlyForDeploymentPostprocessing = 0;
		};
		86C7D3062BAE706D00150DB2 /* Resources */ = {
			isa = PBXResourcesBuildPhase;
			buildActionMask = 2147483647;
			files = (
			);
			runOnlyForDeploymentPostprocessing = 0;
		};
/* End PBXResourcesBuildPhase section */

/* Begin PBXSourcesBuildPhase section */
		86C7D2E42BAE706B00150DB2 /* Sources */ = {
			isa = PBXSourcesBuildPhase;
			buildActionMask = 2147483647;
			files = (
				86C7D2F02BAE706B00150DB2 /* ViewController.swift in Sources */,
				86C7D2EC2BAE706B00150DB2 /* AppDelegate.swift in Sources */,
				86C7D2EE2BAE706B00150DB2 /* SceneDelegate.swift in Sources */,
			);
			runOnlyForDeploymentPostprocessing = 0;
		};
		86C7D2FA2BAE706D00150DB2 /* Sources */ = {
			isa = PBXSourcesBuildPhase;
			buildActionMask = 2147483647;
			files = (
				86C7D3032BAE706D00150DB2 /* Individual02_Singamsetty_BhavithaTests.swift in Sources */,
			);
			runOnlyForDeploymentPostprocessing = 0;
		};
		86C7D3042BAE706D00150DB2 /* Sources */ = {
			isa = PBXSourcesBuildPhase;
			buildActionMask = 2147483647;
			files = (
				86C7D30D2BAE706D00150DB2 /* Individual02_Singamsetty_BhavithaUITests.swift in Sources */,
				86C7D30F2BAE706D00150DB2 /* Individual02_Singamsetty_BhavithaUITestsLaunchTests.swift in Sources */,
			);
			runOnlyForDeploymentPostprocessing = 0;
		};
/* End PBXSourcesBuildPhase section */

/* Begin PBXTargetDependency section */
		86C7D3002BAE706D00150DB2 /* PBXTargetDependency */ = {
			isa = PBXTargetDependency;
			target = 86C7D2E72BAE706B00150DB2 /* Individual02_Singamsetty_Bhavitha */;
			targetProxy = 86C7D2FF2BAE706D00150DB2 /* PBXContainerItemProxy */;
		};
		86C7D30A2BAE706D00150DB2 /* PBXTargetDependency */ = {
			isa = PBXTargetDependency;
			target = 86C7D2E72BAE706B00150DB2 /* Individual02_Singamsetty_Bhavitha */;
			targetProxy = 86C7D3092BAE706D00150DB2 /* PBXContainerItemProxy */;
		};
/* End PBXTargetDependency section */

/* Begin PBXVariantGroup section */
		86C7D2F12BAE706B00150DB2 /* Main.storyboard */ = {
			isa = PBXVariantGroup;
			children = (
				86C7D2F22BAE706B00150DB2 /* Base */,
			);
			name = Main.storyboard;
			sourceTree = "<group>";
		};
		86C7D2F62BAE706D00150DB2 /* LaunchScreen.storyboard */ = {
			isa = PBXVariantGroup;
			children = (
				86C7D2F72BAE706D00150DB2 /* Base */,
			);
			name = LaunchScreen.storyboard;
			sourceTree = "<group>";
		};
/* End PBXVariantGroup section */

/* Begin XCBuildConfiguration section */
		86C7D3102BAE706D00150DB2 /* Debug */ = {
			isa = XCBuildConfiguration;
			buildSettings = {
				ALWAYS_SEARCH_USER_PATHS = NO;
				ASSETCATALOG_COMPILER_GENERATE_SWIFT_ASSET_SYMBOL_EXTENSIONS = YES;
				CLANG_ANALYZER_NONNULL = YES;
				CLANG_ANALYZER_NUMBER_OBJECT_CONVERSION = YES_AGGRESSIVE;
				CLANG_CXX_LANGUAGE_STANDARD = "gnu++20";
				CLANG_ENABLE_MODULES = YES;
				CLANG_ENABLE_OBJC_ARC = YES;
				CLANG_ENABLE_OBJC_WEAK = YES;
				CLANG_WARN_BLOCK_CAPTURE_AUTORELEASING = YES;
				CLANG_WARN_BOOL_CONVERSION = YES;
				CLANG_WARN_COMMA = YES;
				CLANG_WARN_CONSTANT_CONVERSION = YES;
				CLANG_WARN_DEPRECATED_OBJC_IMPLEMENTATIONS = YES;
				CLANG_WARN_DIRECT_OBJC_ISA_USAGE = YES_ERROR;
				CLANG_WARN_DOCUMENTATION_COMMENTS = YES;
				CLANG_WARN_EMPTY_BODY = YES;
				CLANG_WARN_ENUM_CONVERSION = YES;
				CLANG_WARN_INFINITE_RECURSION = YES;
				CLANG_WARN_INT_CONVERSION = YES;
				CLANG_WARN_NON_LITERAL_NULL_CONVERSION = YES;
				CLANG_WARN_OBJC_IMPLICIT_RETAIN_SELF = YES;
				CLANG_WARN_OBJC_LITERAL_CONVERSION = YES;
				CLANG_WARN_OBJC_ROOT_CLASS = YES_ERROR;
				CLANG_WARN_QUOTED_INCLUDE_IN_FRAMEWORK_HEADER = YES;
				CLANG_WARN_RANGE_LOOP_ANALYSIS = YES;
				CLANG_WARN_STRICT_PROTOTYPES = YES;
				CLANG_WARN_SUSPICIOUS_MOVE = YES;
				CLANG_WARN_UNGUARDED_AVAILABILITY = YES_AGGRESSIVE;
				CLANG_WARN_UNREACHABLE_CODE = YES;
				CLANG_WARN__DUPLICATE_METHOD_MATCH = YES;
				COPY_PHASE_STRIP = NO;
				DEBUG_INFORMATION_FORMAT = dwarf;
				ENABLE_STRICT_OBJC_MSGSEND = YES;
				ENABLE_TESTABILITY = YES;
				ENABLE_USER_SCRIPT_SANDBOXING = YES;
				GCC_C_LANGUAGE_STANDARD = gnu17;
				GCC_DYNAMIC_NO_PIC = NO;
				GCC_NO_COMMON_BLOCKS = YES;
				GCC_OPTIMIZATION_LEVEL = 0;
				GCC_PREPROCESSOR_DEFINITIONS = (
					"DEBUG=1",
					"$(inherited)",
				);
				GCC_WARN_64_TO_32_BIT_CONVERSION = YES;
				GCC_WARN_ABOUT_RETURN_TYPE = YES_ERROR;
				GCC_WARN_UNDECLARED_SELECTOR = YES;
				GCC_WARN_UNINITIALIZED_AUTOS = YES_AGGRESSIVE;
				GCC_WARN_UNUSED_FUNCTION = YES;
				GCC_WARN_UNUSED_VARIABLE = YES;
				IPHONEOS_DEPLOYMENT_TARGET = 17.2;
				LOCALIZATION_PREFERS_STRING_CATALOGS = YES;
				MTL_ENABLE_DEBUG_INFO = INCLUDE_SOURCE;
				MTL_FAST_MATH = YES;
				ONLY_ACTIVE_ARCH = YES;
				SDKROOT = iphoneos;
				SWIFT_ACTIVE_COMPILATION_CONDITIONS = "DEBUG $(inherited)";
				SWIFT_OPTIMIZATION_LEVEL = "-Onone";
			};
			name = Debug;
		};
		86C7D3112BAE706D00150DB2 /* Release */ = {
			isa = XCBuildConfiguration;
			buildSettings = {
				ALWAYS_SEARCH_USER_PATHS = NO;
				ASSETCATALOG_COMPILER_GENERATE_SWIFT_ASSET_SYMBOL_EXTENSIONS = YES;
				CLANG_ANALYZER_NONNULL = YES;
				CLANG_ANALYZER_NUMBER_OBJECT_CONVERSION = YES_AGGRESSIVE;
				CLANG_CXX_LANGUAGE_STANDARD = "gnu++20";
				CLANG_ENABLE_MODULES = YES;
				CLANG_ENABLE_OBJC_ARC = YES;
				CLANG_ENABLE_OBJC_WEAK = YES;
				CLANG_WARN_BLOCK_CAPTURE_AUTORELEASING = YES;
				CLANG_WARN_BOOL_CONVERSION = YES;
				CLANG_WARN_COMMA = YES;
				CLANG_WARN_CONSTANT_CONVERSION = YES;
				CLANG_WARN_DEPRECATED_OBJC_IMPLEMENTATIONS = YES;
				CLANG_WARN_DIRECT_OBJC_ISA_USAGE = YES_ERROR;
				CLANG_WARN_DOCUMENTATION_COMMENTS = YES;
				CLANG_WARN_EMPTY_BODY = YES;
				CLANG_WARN_ENUM_CONVERSION = YES;
				CLANG_WARN_INFINITE_RECURSION = YES;
				CLANG_WARN_INT_CONVERSION = YES;
				CLANG_WARN_NON_LITERAL_NULL_CONVERSION = YES;
				CLANG_WARN_OBJC_IMPLICIT_RETAIN_SELF = YES;
				CLANG_WARN_OBJC_LITERAL_CONVERSION = YES;
				CLANG_WARN_OBJC_ROOT_CLASS = YES_ERROR;
				CLANG_WARN_QUOTED_INCLUDE_IN_FRAMEWORK_HEADER = YES;
				CLANG_WARN_RANGE_LOOP_ANALYSIS = YES;
				CLANG_WARN_STRICT_PROTOTYPES = YES;
				CLANG_WARN_SUSPICIOUS_MOVE = YES;
				CLANG_WARN_UNGUARDED_AVAILABILITY = YES_AGGRESSIVE;
				CLANG_WARN_UNREACHABLE_CODE = YES;
				CLANG_WARN__DUPLICATE_METHOD_MATCH = YES;
				COPY_PHASE_STRIP = NO;
				DEBUG_INFORMATION_FORMAT = "dwarf-with-dsym";
				ENABLE_NS_ASSERTIONS = NO;
				ENABLE_STRICT_OBJC_MSGSEND = YES;
				ENABLE_USER_SCRIPT_SANDBOXING = YES;
				GCC_C_LANGUAGE_STANDARD = gnu17;
				GCC_NO_COMMON_BLOCKS = YES;
				GCC_WARN_64_TO_32_BIT_CONVERSION = YES;
				GCC_WARN_ABOUT_RETURN_TYPE = YES_ERROR;
				GCC_WARN_UNDECLARED_SELECTOR = YES;
				GCC_WARN_UNINITIALIZED_AUTOS = YES_AGGRESSIVE;
				GCC_WARN_UNUSED_FUNCTION = YES;
				GCC_WARN_UNUSED_VARIABLE = YES;
				IPHONEOS_DEPLOYMENT_TARGET = 17.2;
				LOCALIZATION_PREFERS_STRING_CATALOGS = YES;
				MTL_ENABLE_DEBUG_INFO = NO;
				MTL_FAST_MATH = YES;
				SDKROOT = iphoneos;
				SWIFT_COMPILATION_MODE = wholemodule;
				VALIDATE_PRODUCT = YES;
			};
			name = Release;
		};
		86C7D3132BAE706D00150DB2 /* Debug */ = {
			isa = XCBuildConfiguration;
			buildSettings = {
				ASSETCATALOG_COMPILER_APPICON_NAME = AppIcon;
				ASSETCATALOG_COMPILER_GLOBAL_ACCENT_COLOR_NAME = AccentColor;
				CODE_SIGN_STYLE = Automatic;
				CURRENT_PROJECT_VERSION = 1;
				GENERATE_INFOPLIST_FILE = YES;
				INFOPLIST_FILE = Individual02_Singamsetty_Bhavitha/Info.plist;
				INFOPLIST_KEY_UIApplicationSupportsIndirectInputEvents = YES;
				INFOPLIST_KEY_UILaunchStoryboardName = LaunchScreen;
				INFOPLIST_KEY_UIMainStoryboardFile = Main;
				INFOPLIST_KEY_UISupportedInterfaceOrientations_iPad = "UIInterfaceOrientationPortrait UIInterfaceOrientationPortraitUpsideDown UIInterfaceOrientationLandscapeLeft UIInterfaceOrientationLandscapeRight";
				INFOPLIST_KEY_UISupportedInterfaceOrientations_iPhone = "UIInterfaceOrientationPortrait UIInterfaceOrientationLandscapeLeft UIInterfaceOrientationLandscapeRight";
				LD_RUNPATH_SEARCH_PATHS = (
					"$(inherited)",
					"@executable_path/Frameworks",
				);
				MARKETING_VERSION = 1.0;
				PRODUCT_BUNDLE_IDENTIFIER = "com.Individual02-Singamsetty-Bhavitha";
				PRODUCT_NAME = "$(TARGET_NAME)";
				SWIFT_EMIT_LOC_STRINGS = YES;
				SWIFT_VERSION = 5.0;
				TARGETED_DEVICE_FAMILY = "1,2";
			};
			name = Debug;
		};
		86C7D3142BAE706D00150DB2 /* Release */ = {
			isa = XCBuildConfiguration;
			buildSettings = {
				ASSETCATALOG_COMPILER_APPICON_NAME = AppIcon;
				ASSETCATALOG_COMPILER_GLOBAL_ACCENT_COLOR_NAME = AccentColor;
				CODE_SIGN_STYLE = Automatic;
				CURRENT_PROJECT_VERSION = 1;
				GENERATE_INFOPLIST_FILE = YES;
				INFOPLIST_FILE = Individual02_Singamsetty_Bhavitha/Info.plist;
				INFOPLIST_KEY_UIApplicationSupportsIndirectInputEvents = YES;
				INFOPLIST_KEY_UILaunchStoryboardName = LaunchScreen;
				INFOPLIST_KEY_UIMainStoryboardFile = Main;
				INFOPLIST_KEY_UISupportedInterfaceOrientations_iPad = "UIInterfaceOrientationPortrait UIInterfaceOrientationPortraitUpsideDown UIInterfaceOrientationLandscapeLeft UIInterfaceOrientationLandscapeRight";
				INFOPLIST_KEY_UISupportedInterfaceOrientations_iPhone = "UIInterfaceOrientationPortrait UIInterfaceOrientationLandscapeLeft UIInterfaceOrientationLandscapeRight";
				LD_RUNPATH_SEARCH_PATHS = (
					"$(inherited)",
					"@executable_path/Frameworks",
				);
				MARKETING_VERSION = 1.0;
				PRODUCT_BUNDLE_IDENTIFIER = "com.Individual02-Singamsetty-Bhavitha";
				PRODUCT_NAME = "$(TARGET_NAME)";
				SWIFT_EMIT_LOC_STRINGS = YES;
				SWIFT_VERSION = 5.0;
				TARGETED_DEVICE_FAMILY = "1,2";
			};
			name = Release;
		};
		86C7D3162BAE706D00150DB2 /* Debug */ = {
			isa = XCBuildConfiguration;
			buildSettings = {
				ALWAYS_EMBED_SWIFT_STANDARD_LIBRARIES = YES;
				BUNDLE_LOADER = "$(TEST_HOST)";
				CODE_SIGN_STYLE = Automatic;
				CURRENT_PROJECT_VERSION = 1;
				GENERATE_INFOPLIST_FILE = YES;
				IPHONEOS_DEPLOYMENT_TARGET = 17.2;
				MARKETING_VERSION = 1.0;
				PRODUCT_BUNDLE_IDENTIFIER = "com.Individual02-Singamsetty-BhavithaTests";
				PRODUCT_NAME = "$(TARGET_NAME)";
				SWIFT_EMIT_LOC_STRINGS = NO;
				SWIFT_VERSION = 5.0;
				TARGETED_DEVICE_FAMILY = "1,2";
				TEST_HOST = "$(BUILT_PRODUCTS_DIR)/Individual02_Singamsetty_Bhavitha.app/$(BUNDLE_EXECUTABLE_FOLDER_PATH)/Individual02_Singamsetty_Bhavitha";
			};
			name = Debug;
		};
		86C7D3172BAE706D00150DB2 /* Release */ = {
			isa = XCBuildConfiguration;
			buildSettings = {
				ALWAYS_EMBED_SWIFT_STANDARD_LIBRARIES = YES;
				BUNDLE_LOADER = "$(TEST_HOST)";
				CODE_SIGN_STYLE = Automatic;
				CURRENT_PROJECT_VERSION = 1;
				GENERATE_INFOPLIST_FILE = YES;
				IPHONEOS_DEPLOYMENT_TARGET = 17.2;
				MARKETING_VERSION = 1.0;
				PRODUCT_BUNDLE_IDENTIFIER = "com.Individual02-Singamsetty-BhavithaTests";
				PRODUCT_NAME = "$(TARGET_NAME)";
				SWIFT_EMIT_LOC_STRINGS = NO;
				SWIFT_VERSION = 5.0;
				TARGETED_DEVICE_FAMILY = "1,2";
				TEST_HOST = "$(BUILT_PRODUCTS_DIR)/Individual02_Singamsetty_Bhavitha.app/$(BUNDLE_EXECUTABLE_FOLDER_PATH)/Individual02_Singamsetty_Bhavitha";
			};
			name = Release;
		};
		86C7D3192BAE706D00150DB2 /* Debug */ = {
			isa = XCBuildConfiguration;
			buildSettings = {
				ALWAYS_EMBED_SWIFT_STANDARD_LIBRARIES = YES;
				CODE_SIGN_STYLE = Automatic;
				CURRENT_PROJECT_VERSION = 1;
				GENERATE_INFOPLIST_FILE = YES;
				MARKETING_VERSION = 1.0;
				PRODUCT_BUNDLE_IDENTIFIER = "com.Individual02-Singamsetty-BhavithaUITests";
				PRODUCT_NAME = "$(TARGET_NAME)";
				SWIFT_EMIT_LOC_STRINGS = NO;
				SWIFT_VERSION = 5.0;
				TARGETED_DEVICE_FAMILY = "1,2";
				TEST_TARGET_NAME = Individual02_Singamsetty_Bhavitha;
			};
			name = Debug;
		};
		86C7D31A2BAE706D00150DB2 /* Release */ = {
			isa = XCBuildConfiguration;
			buildSettings = {
				ALWAYS_EMBED_SWIFT_STANDARD_LIBRARIES = YES;
				CODE_SIGN_STYLE = Automatic;
				CURRENT_PROJECT_VERSION = 1;
				GENERATE_INFOPLIST_FILE = YES;
				MARKETING_VERSION = 1.0;
				PRODUCT_BUNDLE_IDENTIFIER = "com.Individual02-Singamsetty-BhavithaUITests";
				PRODUCT_NAME = "$(TARGET_NAME)";
				SWIFT_EMIT_LOC_STRINGS = NO;
				SWIFT_VERSION = 5.0;
				TARGETED_DEVICE_FAMILY = "1,2";
				TEST_TARGET_NAME = Individual02_Singamsetty_Bhavitha;
			};
			name = Release;
		};
/* End XCBuildConfiguration section */

/* Begin XCConfigurationList section */
		86C7D2E32BAE706B00150DB2 /* Build configuration list for PBXProject "Individual02_Singamsetty_Bhavitha" */ = {
			isa = XCConfigurationList;
			buildConfigurations = (
				86C7D3102BAE706D00150DB2 /* Debug */,
				86C7D3112BAE706D00150DB2 /* Release */,
			);
			defaultConfigurationIsVisible = 0;
			defaultConfigurationName = Release;
		};
		86C7D3122BAE706D00150DB2 /* Build configuration list for PBXNativeTarget "Individual02_Singamsetty_Bhavitha" */ = {
			isa = XCConfigurationList;
			buildConfigurations = (
				86C7D3132BAE706D00150DB2 /* Debug */,
				86C7D3142BAE706D00150DB2 /* Release */,
			);
			defaultConfigurationIsVisible = 0;
			defaultConfigurationName = Release;
		};
		86C7D3152BAE706D00150DB2 /* Build configuration list for PBXNativeTarget "Individual02_Singamsetty_BhavithaTests" */ = {
			isa = XCConfigurationList;
			buildConfigurations = (
				86C7D3162BAE706D00150DB2 /* Debug */,
				86C7D3172BAE706D00150DB2 /* Release */,
			);
			defaultConfigurationIsVisible = 0;
			defaultConfigurationName = Release;
		};
		86C7D3182BAE706D00150DB2 /* Build configuration list for PBXNativeTarget "Individual02_Singamsetty_BhavithaUITests" */ = {
			isa = XCConfigurationList;
			buildConfigurations = (
				86C7D3192BAE706D00150DB2 /* Debug */,
				86C7D31A2BAE706D00150DB2 /* Release */,
			);
			defaultConfigurationIsVisible = 0;
			defaultConfigurationName = Release;
		};
/* End XCConfigurationList section */
	};
	rootObject = 86C7D2E02BAE706B00150DB2 /* Project object */;
}
